{
  "name": "kookapi-ts",
  "version": "1.0.0",
  "lockfileVersion": 3,
  "requires": true,
  "packages": {
    "": {
      "name": "kookapi-ts",
      "version": "1.0.0",
      "license": "ISC",
      "devDependencies": {
        "@types/node": "^18.11.19"
      }
    },
    "node_modules/@types/node": {
      "version": "18.11.19",
      "resolved": "https://registry.npmmirror.com/@types/node/-/node-18.11.19.tgz",
      "integrity": "sha512-YUgMWAQBWLObABqrvx8qKO1enAvBUdjZOAWQ5grBAkp5LQv45jBvYKZ3oFS9iKRCQyFjqw6iuEa1vmFqtxYLZw==",
      "dev": true
    }
  }
}
